// !$*UTF8*$!
{
	archiveVersion = 1;
	classes = {
	};
	objectVersion = 46;
	objects = {

/* Begin PBXBuildFile section */
		6301B76E1D80FB280002B283 /* TableViewCell.m in Sources */ = {isa = PBXBuildFile; fileRef = 6301B76D1D80FB280002B283 /* TableViewCell.m */; };
		6301B77D1D8111280002B283 /* AFHTTPSessionManager.m in Sources */ = {isa = PBXBuildFile; fileRef = 6301B7711D8111280002B283 /* AFHTTPSessionManager.m */; };
		6301B77E1D8111280002B283 /* AFNetworkReachabilityManager.m in Sources */ = {isa = PBXBuildFile; fileRef = 6301B7741D8111280002B283 /* AFNetworkReachabilityManager.m */; };
		6301B77F1D8111280002B283 /* AFSecurityPolicy.m in Sources */ = {isa = PBXBuildFile; fileRef = 6301B7761D8111280002B283 /* AFSecurityPolicy.m */; };
		6301B7801D8111280002B283 /* AFURLRequestSerialization.m in Sources */ = {isa = PBXBuildFile; fileRef = 6301B7781D8111280002B283 /* AFURLRequestSerialization.m */; };
		6301B7811D8111280002B283 /* AFURLResponseSerialization.m in Sources */ = {isa = PBXBuildFile; fileRef = 6301B77A1D8111280002B283 /* AFURLResponseSerialization.m */; };
		6301B7821D8111280002B283 /* AFURLSessionManager.m in Sources */ = {isa = PBXBuildFile; fileRef = 6301B77C1D8111280002B283 /* AFURLSessionManager.m */; };
		6301B7941D8111340002B283 /* MJRefresh.bundle in Resources */ = {isa = PBXBuildFile; fileRef = 6301B7841D8111340002B283 /* MJRefresh.bundle */; };
		6301B7951D8111340002B283 /* MJRefreshBaseView.m in Sources */ = {isa = PBXBuildFile; fileRef = 6301B7871D8111340002B283 /* MJRefreshBaseView.m */; };
		6301B7961D8111340002B283 /* MJRefreshConst.m in Sources */ = {isa = PBXBuildFile; fileRef = 6301B7891D8111340002B283 /* MJRefreshConst.m */; };
		6301B7971D8111340002B283 /* MJRefreshFooterView.m in Sources */ = {isa = PBXBuildFile; fileRef = 6301B78B1D8111340002B283 /* MJRefreshFooterView.m */; };
		6301B7981D8111340002B283 /* MJRefreshHeaderView.m in Sources */ = {isa = PBXBuildFile; fileRef = 6301B78D1D8111340002B283 /* MJRefreshHeaderView.m */; };
		6301B7991D8111340002B283 /* UIScrollView+MJExtension.m in Sources */ = {isa = PBXBuildFile; fileRef = 6301B78F1D8111340002B283 /* UIScrollView+MJExtension.m */; };
		6301B79A1D8111340002B283 /* UIScrollView+MJRefresh.m in Sources */ = {isa = PBXBuildFile; fileRef = 6301B7911D8111340002B283 /* UIScrollView+MJRefresh.m */; };
		6301B79B1D8111340002B283 /* UIView+MJExtension.m in Sources */ = {isa = PBXBuildFile; fileRef = 6301B7931D8111340002B283 /* UIView+MJExtension.m */; };
		6301B79E1D811F090002B283 /* HttpTool.m in Sources */ = {isa = PBXBuildFile; fileRef = 6301B79D1D811F090002B283 /* HttpTool.m */; };
		6301B7A11D8121880002B283 /* MainModel.m in Sources */ = {isa = PBXBuildFile; fileRef = 6301B7A01D8121880002B283 /* MainModel.m */; };
		632A69701D8695E200FC0F81 /* RequestViewModel.h in Headers */ = {isa = PBXBuildFile; fileRef = 632A696E1D8695E200FC0F81 /* RequestViewModel.h */; };
		632A69711D8695E200FC0F81 /* RequestViewModel.m in Sources */ = {isa = PBXBuildFile; fileRef = 632A696F1D8695E200FC0F81 /* RequestViewModel.m */; };
		632A69741D8695F100FC0F81 /* RequestModel.h in Headers */ = {isa = PBXBuildFile; fileRef = 632A69721D8695F100FC0F81 /* RequestModel.h */; };
		632A69751D8695F100FC0F81 /* RequestModel.m in Sources */ = {isa = PBXBuildFile; fileRef = 632A69731D8695F100FC0F81 /* RequestModel.m */; };
		632A69781D86997300FC0F81 /* CSVModel.h in Headers */ = {isa = PBXBuildFile; fileRef = 632A69761D86997300FC0F81 /* CSVModel.h */; };
		632A69791D86997300FC0F81 /* CSVModel.m in Sources */ = {isa = PBXBuildFile; fileRef = 632A69771D86997300FC0F81 /* CSVModel.m */; };
		632A697B1D8699C100FC0F81 /* 胆码.csv in Resources */ = {isa = PBXBuildFile; fileRef = 632A697A1D8699C100FC0F81 /* 胆码.csv */; };
		632A697D1D8699DC00FC0F81 /* 五星数据.csv in Resources */ = {isa = PBXBuildFile; fileRef = 632A697C1D8699DC00FC0F81 /* 五星数据.csv */; };
		632A697F1D869E1500FC0F81 /* Main.storyboard in Resources */ = {isa = PBXBuildFile; fileRef = 632A697E1D869E1500FC0F81 /* Main.storyboard */; };
		634573611D878F2300C48B3A /* MoveViewController.h in Headers */ = {isa = PBXBuildFile; fileRef = 6345735F1D878F2300C48B3A /* MoveViewController.h */; };
		634573621D878F2300C48B3A /* MoveViewController.m in Sources */ = {isa = PBXBuildFile; fileRef = 634573601D878F2300C48B3A /* MoveViewController.m */; };
		634573651D878F3D00C48B3A /* DanMaViewController.h in Headers */ = {isa = PBXBuildFile; fileRef = 634573631D878F3D00C48B3A /* DanMaViewController.h */; };
		634573661D878F3D00C48B3A /* DanMaViewController.m in Sources */ = {isa = PBXBuildFile; fileRef = 634573641D878F3D00C48B3A /* DanMaViewController.m */; };
		634573691D87949800C48B3A /* StarViewController.h in Headers */ = {isa = PBXBuildFile; fileRef = 634573671D87949800C48B3A /* StarViewController.h */; };
		6345736A1D87949800C48B3A /* StarViewController.m in Sources */ = {isa = PBXBuildFile; fileRef = 634573681D87949800C48B3A /* StarViewController.m */; };
		6345736D1D879FAA00C48B3A /* DanmaViewModel.h in Headers */ = {isa = PBXBuildFile; fileRef = 6345736B1D879FAA00C48B3A /* DanmaViewModel.h */; };
		6345736E1D879FAA00C48B3A /* DanmaViewModel.m in Sources */ = {isa = PBXBuildFile; fileRef = 6345736C1D879FAA00C48B3A /* DanmaViewModel.m */; };
		634573721D87A05900C48B3A /* DanmaPublicModel.h in Headers */ = {isa = PBXBuildFile; fileRef = 634573701D87A05900C48B3A /* DanmaPublicModel.h */; };
		634573731D87A05900C48B3A /* DanmaPublicModel.m in Sources */ = {isa = PBXBuildFile; fileRef = 634573711D87A05900C48B3A /* DanmaPublicModel.m */; };
		634573761D87A07500C48B3A /* DanmaModel.h in Headers */ = {isa = PBXBuildFile; fileRef = 634573741D87A07500C48B3A /* DanmaModel.h */; };
		634573771D87A07500C48B3A /* DanmaModel.m in Sources */ = {isa = PBXBuildFile; fileRef = 634573751D87A07500C48B3A /* DanmaModel.m */; };
		6345737F1D87A60B00C48B3A /* DMHeadView.h in Headers */ = {isa = PBXBuildFile; fileRef = 6345737D1D87A60B00C48B3A /* DMHeadView.h */; };
		634573801D87A60B00C48B3A /* DMHeadView.m in Sources */ = {isa = PBXBuildFile; fileRef = 6345737E1D87A60B00C48B3A /* DMHeadView.m */; };
		634573831D87A65000C48B3A /* DMTableViewCell.h in Headers */ = {isa = PBXBuildFile; fileRef = 634573811D87A65000C48B3A /* DMTableViewCell.h */; };
		634573841D87A65000C48B3A /* DMTableViewCell.m in Sources */ = {isa = PBXBuildFile; fileRef = 634573821D87A65000C48B3A /* DMTableViewCell.m */; };
		635F25D41D98F5310022177C /* ThreeStarViewController.h in Headers */ = {isa = PBXBuildFile; fileRef = 635F25D21D98F5310022177C /* ThreeStarViewController.h */; };
		635F25D51D98F5310022177C /* ThreeStarViewController.m in Sources */ = {isa = PBXBuildFile; fileRef = 635F25D31D98F5310022177C /* ThreeStarViewController.m */; };
		635F25DA1D98FBD20022177C /* ThreeHeadView.h in Headers */ = {isa = PBXBuildFile; fileRef = 635F25D81D98FBD20022177C /* ThreeHeadView.h */; };
		635F25DB1D98FBD20022177C /* ThreeHeadView.m in Sources */ = {isa = PBXBuildFile; fileRef = 635F25D91D98FBD20022177C /* ThreeHeadView.m */; };
		635F25DE1D98FCC20022177C /* ThreePublicModel.h in Headers */ = {isa = PBXBuildFile; fileRef = 635F25DC1D98FCC20022177C /* ThreePublicModel.h */; };
		635F25DF1D98FCC20022177C /* ThreePublicModel.m in Sources */ = {isa = PBXBuildFile; fileRef = 635F25DD1D98FCC20022177C /* ThreePublicModel.m */; };
		635F25E21D98FCDB0022177C /* ThreeViewModel.h in Headers */ = {isa = PBXBuildFile; fileRef = 635F25E01D98FCDB0022177C /* ThreeViewModel.h */; };
		635F25E31D98FCDB0022177C /* ThreeViewModel.m in Sources */ = {isa = PBXBuildFile; fileRef = 635F25E11D98FCDB0022177C /* ThreeViewModel.m */; };
		635F25E61D98FCF00022177C /* ThreeModel.h in Headers */ = {isa = PBXBuildFile; fileRef = 635F25E41D98FCF00022177C /* ThreeModel.h */; };
		635F25E71D98FCF00022177C /* ThreeModel.m in Sources */ = {isa = PBXBuildFile; fileRef = 635F25E51D98FCF00022177C /* ThreeModel.m */; };
		635F25EA1D98FF670022177C /* ThreeTableViewCell.h in Headers */ = {isa = PBXBuildFile; fileRef = 635F25E81D98FF670022177C /* ThreeTableViewCell.h */; };
		635F25EB1D98FF670022177C /* ThreeTableViewCell.m in Sources */ = {isa = PBXBuildFile; fileRef = 635F25E91D98FF670022177C /* ThreeTableViewCell.m */; };
		635F25ED1D9908580022177C /* 三星.csv in Resources */ = {isa = PBXBuildFile; fileRef = 635F25EC1D9908580022177C /* 三星.csv */; };
		63663F991D8634DF00172D6C /* BottomView.h in Headers */ = {isa = PBXBuildFile; fileRef = 63663F971D8634DF00172D6C /* BottomView.h */; };
		63663F9A1D8634DF00172D6C /* BottomView.m in Sources */ = {isa = PBXBuildFile; fileRef = 63663F981D8634DF00172D6C /* BottomView.m */; };
		63663F9C1D86399F00172D6C /* sanjiao.png in Resources */ = {isa = PBXBuildFile; fileRef = 63663F9B1D86399F00172D6C /* sanjiao.png */; };
		7A7771051D80514D00E22BAF /* TopView.m in Sources */ = {isa = PBXBuildFile; fileRef = 7A7771041D80514D00E22BAF /* TopView.m */; };
		7A7771091D805ABF00E22BAF /* HeadView.m in Sources */ = {isa = PBXBuildFile; fileRef = 7A7771081D805ABF00E22BAF /* HeadView.m */; };
		7AB94FCE1D803C5F00159ADE /* main.m in Sources */ = {isa = PBXBuildFile; fileRef = 7AB94FCD1D803C5F00159ADE /* main.m */; };
		7AB94FD11D803C5F00159ADE /* AppDelegate.m in Sources */ = {isa = PBXBuildFile; fileRef = 7AB94FD01D803C5F00159ADE /* AppDelegate.m */; };
		7AB94FD41D803C5F00159ADE /* ViewController.m in Sources */ = {isa = PBXBuildFile; fileRef = 7AB94FD31D803C5F00159ADE /* ViewController.m */; };
		7AB94FD91D803C5F00159ADE /* Assets.xcassets in Resources */ = {isa = PBXBuildFile; fileRef = 7AB94FD81D803C5F00159ADE /* Assets.xcassets */; };
		7AB94FDC1D803C5F00159ADE /* LaunchScreen.storyboard in Resources */ = {isa = PBXBuildFile; fileRef = 7AB94FDA1D803C5F00159ADE /* LaunchScreen.storyboard */; };
/* End PBXBuildFile section */

/* Begin PBXFileReference section */
		6301B76C1D80FB280002B283 /* TableViewCell.h */ = {isa = PBXFileReference; fileEncoding = 4; lastKnownFileType = sourcecode.c.h; path = TableViewCell.h; sourceTree = "<group>"; };
		6301B76D1D80FB280002B283 /* TableViewCell.m */ = {isa = PBXFileReference; fileEncoding = 4; lastKnownFileType = sourcecode.c.objc; path = TableViewCell.m; sourceTree = "<group>"; };
		6301B7701D8111280002B283 /* AFHTTPSessionManager.h */ = {isa = PBXFileReference; fileEncoding = 4; lastKnownFileType = sourcecode.c.h; path = AFHTTPSessionManager.h; sourceTree = "<group>"; };
		6301B7711D8111280002B283 /* AFHTTPSessionManager.m */ = {isa = PBXFileReference; fileEncoding = 4; lastKnownFileType = sourcecode.c.objc; path = AFHTTPSessionManager.m; sourceTree = "<group>"; };
		6301B7721D8111280002B283 /* AFNetworking.h */ = {isa = PBXFileReference; fileEncoding = 4; lastKnownFileType = sourcecode.c.h; path = AFNetworking.h; sourceTree = "<group>"; };
		6301B7731D8111280002B283 /* AFNetworkReachabilityManager.h */ = {isa = PBXFileReference; fileEncoding = 4; lastKnownFileType = sourcecode.c.h; path = AFNetworkReachabilityManager.h; sourceTree = "<group>"; };
		6301B7741D8111280002B283 /* AFNetworkReachabilityManager.m */ = {isa = PBXFileReference; fileEncoding = 4; lastKnownFileType = sourcecode.c.objc; path = AFNetworkReachabilityManager.m; sourceTree = "<group>"; };
		6301B7751D8111280002B283 /* AFSecurityPolicy.h */ = {isa = PBXFileReference; fileEncoding = 4; lastKnownFileType = sourcecode.c.h; path = AFSecurityPolicy.h; sourceTree = "<group>"; };
		6301B7761D8111280002B283 /* AFSecurityPolicy.m */ = {isa = PBXFileReference; fileEncoding = 4; lastKnownFileType = sourcecode.c.objc; path = AFSecurityPolicy.m; sourceTree = "<group>"; };
		6301B7771D8111280002B283 /* AFURLRequestSerialization.h */ = {isa = PBXFileReference; fileEncoding = 4; lastKnownFileType = sourcecode.c.h; path = AFURLRequestSerialization.h; sourceTree = "<group>"; };
		6301B7781D8111280002B283 /* AFURLRequestSerialization.m */ = {isa = PBXFileReference; fileEncoding = 4; lastKnownFileType = sourcecode.c.objc; path = AFURLRequestSerialization.m; sourceTree = "<group>"; };
		6301B7791D8111280002B283 /* AFURLResponseSerialization.h */ = {isa = PBXFileReference; fileEncoding = 4; lastKnownFileType = sourcecode.c.h; path = AFURLResponseSerialization.h; sourceTree = "<group>"; };
		6301B77A1D8111280002B283 /* AFURLResponseSerialization.m */ = {isa = PBXFileReference; fileEncoding = 4; lastKnownFileType = sourcecode.c.objc; path = AFURLResponseSerialization.m; sourceTree = "<group>"; };
		6301B77B1D8111280002B283 /* AFURLSessionManager.h */ = {isa = PBXFileReference; fileEncoding = 4; lastKnownFileType = sourcecode.c.h; path = AFURLSessionManager.h; sourceTree = "<group>"; };
		6301B77C1D8111280002B283 /* AFURLSessionManager.m */ = {isa = PBXFileReference; fileEncoding = 4; lastKnownFileType = sourcecode.c.objc; path = AFURLSessionManager.m; sourceTree = "<group>"; };
		6301B7841D8111340002B283 /* MJRefresh.bundle */ = {isa = PBXFileReference; lastKnownFileType = "wrapper.plug-in"; path = MJRefresh.bundle; sourceTree = "<group>"; };
		6301B7851D8111340002B283 /* MJRefresh.h */ = {isa = PBXFileReference; fileEncoding = 4; lastKnownFileType = sourcecode.c.h; path = MJRefresh.h; sourceTree = "<group>"; };
		6301B7861D8111340002B283 /* MJRefreshBaseView.h */ = {isa = PBXFileReference; fileEncoding = 4; lastKnownFileType = sourcecode.c.h; path = MJRefreshBaseView.h; sourceTree = "<group>"; };
		6301B7871D8111340002B283 /* MJRefreshBaseView.m */ = {isa = PBXFileReference; fileEncoding = 4; lastKnownFileType = sourcecode.c.objc; path = MJRefreshBaseView.m; sourceTree = "<group>"; };
		6301B7881D8111340002B283 /* MJRefreshConst.h */ = {isa = PBXFileReference; fileEncoding = 4; lastKnownFileType = sourcecode.c.h; path = MJRefreshConst.h; sourceTree = "<group>"; };
		6301B7891D8111340002B283 /* MJRefreshConst.m */ = {isa = PBXFileReference; fileEncoding = 4; lastKnownFileType = sourcecode.c.objc; path = MJRefreshConst.m; sourceTree = "<group>"; };
		6301B78A1D8111340002B283 /* MJRefreshFooterView.h */ = {isa = PBXFileReference; fileEncoding = 4; lastKnownFileType = sourcecode.c.h; path = MJRefreshFooterView.h; sourceTree = "<group>"; };
		6301B78B1D8111340002B283 /* MJRefreshFooterView.m */ = {isa = PBXFileReference; fileEncoding = 4; lastKnownFileType = sourcecode.c.objc; path = MJRefreshFooterView.m; sourceTree = "<group>"; };
		6301B78C1D8111340002B283 /* MJRefreshHeaderView.h */ = {isa = PBXFileReference; fileEncoding = 4; lastKnownFileType = sourcecode.c.h; path = MJRefreshHeaderView.h; sourceTree = "<group>"; };
		6301B78D1D8111340002B283 /* MJRefreshHeaderView.m */ = {isa = PBXFileReference; fileEncoding = 4; lastKnownFileType = sourcecode.c.objc; path = MJRefreshHeaderView.m; sourceTree = "<group>"; };
		6301B78E1D8111340002B283 /* UIScrollView+MJExtension.h */ = {isa = PBXFileReference; fileEncoding = 4; lastKnownFileType = sourcecode.c.h; path = "UIScrollView+MJExtension.h"; sourceTree = "<group>"; };
		6301B78F1D8111340002B283 /* UIScrollView+MJExtension.m */ = {isa = PBXFileReference; fileEncoding = 4; lastKnownFileType = sourcecode.c.objc; path = "UIScrollView+MJExtension.m"; sourceTree = "<group>"; };
		6301B7901D8111340002B283 /* UIScrollView+MJRefresh.h */ = {isa = PBXFileReference; fileEncoding = 4; lastKnownFileType = sourcecode.c.h; path = "UIScrollView+MJRefresh.h"; sourceTree = "<group>"; };
		6301B7911D8111340002B283 /* UIScrollView+MJRefresh.m */ = {isa = PBXFileReference; fileEncoding = 4; lastKnownFileType = sourcecode.c.objc; path = "UIScrollView+MJRefresh.m"; sourceTree = "<group>"; };
		6301B7921D8111340002B283 /* UIView+MJExtension.h */ = {isa = PBXFileReference; fileEncoding = 4; lastKnownFileType = sourcecode.c.h; path = "UIView+MJExtension.h"; sourceTree = "<group>"; };
		6301B7931D8111340002B283 /* UIView+MJExtension.m */ = {isa = PBXFileReference; fileEncoding = 4; lastKnownFileType = sourcecode.c.objc; path = "UIView+MJExtension.m"; sourceTree = "<group>"; };
		6301B79C1D811F090002B283 /* HttpTool.h */ = {isa = PBXFileReference; fileEncoding = 4; lastKnownFileType = sourcecode.c.h; path = HttpTool.h; sourceTree = "<group>"; };
		6301B79D1D811F090002B283 /* HttpTool.m */ = {isa = PBXFileReference; fileEncoding = 4; lastKnownFileType = sourcecode.c.objc; path = HttpTool.m; sourceTree = "<group>"; };
		6301B79F1D8121880002B283 /* MainModel.h */ = {isa = PBXFileReference; fileEncoding = 4; lastKnownFileType = sourcecode.c.h; path = MainModel.h; sourceTree = "<group>"; };
		6301B7A01D8121880002B283 /* MainModel.m */ = {isa = PBXFileReference; fileEncoding = 4; lastKnownFileType = sourcecode.c.objc; path = MainModel.m; sourceTree = "<group>"; };
		63093E951D815E5E00B57C6A /* libsqlite3.0.tbd */ = {isa = PBXFileReference; lastKnownFileType = "sourcecode.text-based-dylib-definition"; name = libsqlite3.0.tbd; path = usr/lib/libsqlite3.0.tbd; sourceTree = SDKROOT; };
		632A696E1D8695E200FC0F81 /* RequestViewModel.h */ = {isa = PBXFileReference; fileEncoding = 4; lastKnownFileType = sourcecode.c.h; path = RequestViewModel.h; sourceTree = "<group>"; };
		632A696F1D8695E200FC0F81 /* RequestViewModel.m */ = {isa = PBXFileReference; fileEncoding = 4; lastKnownFileType = sourcecode.c.objc; path = RequestViewModel.m; sourceTree = "<group>"; };
		632A69721D8695F100FC0F81 /* RequestModel.h */ = {isa = PBXFileReference; fileEncoding = 4; lastKnownFileType = sourcecode.c.h; path = RequestModel.h; sourceTree = "<group>"; };
		632A69731D8695F100FC0F81 /* RequestModel.m */ = {isa = PBXFileReference; fileEncoding = 4; lastKnownFileType = sourcecode.c.objc; path = RequestModel.m; sourceTree = "<group>"; };
		632A69761D86997300FC0F81 /* CSVModel.h */ = {isa = PBXFileReference; fileEncoding = 4; lastKnownFileType = sourcecode.c.h; path = CSVModel.h; sourceTree = "<group>"; };
		632A69771D86997300FC0F81 /* CSVModel.m */ = {isa = PBXFileReference; fileEncoding = 4; lastKnownFileType = sourcecode.c.objc; path = CSVModel.m; sourceTree = "<group>"; };
		632A697A1D8699C100FC0F81 /* 胆码.csv */ = {isa = PBXFileReference; fileEncoding = 4; lastKnownFileType = text; path = "胆码.csv"; sourceTree = "<group>"; };
		632A697C1D8699DC00FC0F81 /* 五星数据.csv */ = {isa = PBXFileReference; fileEncoding = 4; lastKnownFileType = text; path = "五星数据.csv"; sourceTree = "<group>"; };
		632A697E1D869E1500FC0F81 /* Main.storyboard */ = {isa = PBXFileReference; fileEncoding = 4; lastKnownFileType = file.storyboard; path = Main.storyboard; sourceTree = "<group>"; };
		6345735F1D878F2300C48B3A /* MoveViewController.h */ = {isa = PBXFileReference; fileEncoding = 4; lastKnownFileType = sourcecode.c.h; path = MoveViewController.h; sourceTree = "<group>"; };
		634573601D878F2300C48B3A /* MoveViewController.m */ = {isa = PBXFileReference; fileEncoding = 4; lastKnownFileType = sourcecode.c.objc; path = MoveViewController.m; sourceTree = "<group>"; };
		634573631D878F3D00C48B3A /* DanMaViewController.h */ = {isa = PBXFileReference; fileEncoding = 4; lastKnownFileType = sourcecode.c.h; path = DanMaViewController.h; sourceTree = "<group>"; };
		634573641D878F3D00C48B3A /* DanMaViewController.m */ = {isa = PBXFileReference; fileEncoding = 4; lastKnownFileType = sourcecode.c.objc; path = DanMaViewController.m; sourceTree = "<group>"; };
		634573671D87949800C48B3A /* StarViewController.h */ = {isa = PBXFileReference; fileEncoding = 4; lastKnownFileType = sourcecode.c.h; path = StarViewController.h; sourceTree = "<group>"; };
		634573681D87949800C48B3A /* StarViewController.m */ = {isa = PBXFileReference; fileEncoding = 4; lastKnownFileType = sourcecode.c.objc; path = StarViewController.m; sourceTree = "<group>"; };
		6345736B1D879FAA00C48B3A /* DanmaViewModel.h */ = {isa = PBXFileReference; fileEncoding = 4; lastKnownFileType = sourcecode.c.h; path = DanmaViewModel.h; sourceTree = "<group>"; };
		6345736C1D879FAA00C48B3A /* DanmaViewModel.m */ = {isa = PBXFileReference; fileEncoding = 4; lastKnownFileType = sourcecode.c.objc; path = DanmaViewModel.m; sourceTree = "<group>"; };
		634573701D87A05900C48B3A /* DanmaPublicModel.h */ = {isa = PBXFileReference; fileEncoding = 4; lastKnownFileType = sourcecode.c.h; path = DanmaPublicModel.h; sourceTree = "<group>"; };
		634573711D87A05900C48B3A /* DanmaPublicModel.m */ = {isa = PBXFileReference; fileEncoding = 4; lastKnownFileType = sourcecode.c.objc; path = DanmaPublicModel.m; sourceTree = "<group>"; };
		634573741D87A07500C48B3A /* DanmaModel.h */ = {isa = PBXFileReference; fileEncoding = 4; lastKnownFileType = sourcecode.c.h; path = DanmaModel.h; sourceTree = "<group>"; };
		634573751D87A07500C48B3A /* DanmaModel.m */ = {isa = PBXFileReference; fileEncoding = 4; lastKnownFileType = sourcecode.c.objc; path = DanmaModel.m; sourceTree = "<group>"; };
		6345737D1D87A60B00C48B3A /* DMHeadView.h */ = {isa = PBXFileReference; fileEncoding = 4; lastKnownFileType = sourcecode.c.h; path = DMHeadView.h; sourceTree = "<group>"; };
		6345737E1D87A60B00C48B3A /* DMHeadView.m */ = {isa = PBXFileReference; fileEncoding = 4; lastKnownFileType = sourcecode.c.objc; path = DMHeadView.m; sourceTree = "<group>"; };
		634573811D87A65000C48B3A /* DMTableViewCell.h */ = {isa = PBXFileReference; fileEncoding = 4; lastKnownFileType = sourcecode.c.h; path = DMTableViewCell.h; sourceTree = "<group>"; };
		634573821D87A65000C48B3A /* DMTableViewCell.m */ = {isa = PBXFileReference; fileEncoding = 4; lastKnownFileType = sourcecode.c.objc; path = DMTableViewCell.m; sourceTree = "<group>"; };
		6357C1B41D825BBD00D9DCC3 /* BmobSDK.framework */ = {isa = PBXFileReference; lastKnownFileType = wrapper.framework; path = BmobSDK.framework; sourceTree = "<group>"; };
		6357C1B61D825BEC00D9DCC3 /* CoreLocation.framework */ = {isa = PBXFileReference; lastKnownFileType = wrapper.framework; name = CoreLocation.framework; path = System/Library/Frameworks/CoreLocation.framework; sourceTree = SDKROOT; };
		6357C1B81D825BF300D9DCC3 /* Security.framework */ = {isa = PBXFileReference; lastKnownFileType = wrapper.framework; name = Security.framework; path = System/Library/Frameworks/Security.framework; sourceTree = SDKROOT; };
		6357C1BA1D825BFA00D9DCC3 /* CoreGraphics.framework */ = {isa = PBXFileReference; lastKnownFileType = wrapper.framework; name = CoreGraphics.framework; path = System/Library/Frameworks/CoreGraphics.framework; sourceTree = SDKROOT; };
		6357C1BC1D825C0600D9DCC3 /* MobileCoreServices.framework */ = {isa = PBXFileReference; lastKnownFileType = wrapper.framework; name = MobileCoreServices.framework; path = System/Library/Frameworks/MobileCoreServices.framework; sourceTree = SDKROOT; };
		6357C1BE1D825C1100D9DCC3 /* CFNetwork.framework */ = {isa = PBXFileReference; lastKnownFileType = wrapper.framework; name = CFNetwork.framework; path = System/Library/Frameworks/CFNetwork.framework; sourceTree = SDKROOT; };
		6357C1C01D825C1900D9DCC3 /* CoreTelephony.framework */ = {isa = PBXFileReference; lastKnownFileType = wrapper.framework; name = CoreTelephony.framework; path = System/Library/Frameworks/CoreTelephony.framework; sourceTree = SDKROOT; };
		6357C1C21D825C2200D9DCC3 /* SystemConfiguration.framework */ = {isa = PBXFileReference; lastKnownFileType = wrapper.framework; name = SystemConfiguration.framework; path = System/Library/Frameworks/SystemConfiguration.framework; sourceTree = SDKROOT; };
		6357C1C41D825C2900D9DCC3 /* libz.1.2.5.tbd */ = {isa = PBXFileReference; lastKnownFileType = "sourcecode.text-based-dylib-definition"; name = libz.1.2.5.tbd; path = usr/lib/libz.1.2.5.tbd; sourceTree = SDKROOT; };
		6357C1C61D825C3600D9DCC3 /* libicucore.tbd */ = {isa = PBXFileReference; lastKnownFileType = "sourcecode.text-based-dylib-definition"; name = libicucore.tbd; path = usr/lib/libicucore.tbd; sourceTree = SDKROOT; };
		6357C1C81D825C4100D9DCC3 /* libsqlite3.tbd */ = {isa = PBXFileReference; lastKnownFileType = "sourcecode.text-based-dylib-definition"; name = libsqlite3.tbd; path = usr/lib/libsqlite3.tbd; sourceTree = SDKROOT; };
		635F25D21D98F5310022177C /* ThreeStarViewController.h */ = {isa = PBXFileReference; fileEncoding = 4; lastKnownFileType = sourcecode.c.h; path = ThreeStarViewController.h; sourceTree = "<group>"; };
		635F25D31D98F5310022177C /* ThreeStarViewController.m */ = {isa = PBXFileReference; fileEncoding = 4; lastKnownFileType = sourcecode.c.objc; path = ThreeStarViewController.m; sourceTree = "<group>"; };
		635F25D81D98FBD20022177C /* ThreeHeadView.h */ = {isa = PBXFileReference; fileEncoding = 4; lastKnownFileType = sourcecode.c.h; path = ThreeHeadView.h; sourceTree = "<group>"; };
		635F25D91D98FBD20022177C /* ThreeHeadView.m */ = {isa = PBXFileReference; fileEncoding = 4; lastKnownFileType = sourcecode.c.objc; path = ThreeHeadView.m; sourceTree = "<group>"; };
		635F25DC1D98FCC20022177C /* ThreePublicModel.h */ = {isa = PBXFileReference; fileEncoding = 4; lastKnownFileType = sourcecode.c.h; path = ThreePublicModel.h; sourceTree = "<group>"; };
		635F25DD1D98FCC20022177C /* ThreePublicModel.m */ = {isa = PBXFileReference; fileEncoding = 4; lastKnownFileType = sourcecode.c.objc; path = ThreePublicModel.m; sourceTree = "<group>"; };
		635F25E01D98FCDB0022177C /* ThreeViewModel.h */ = {isa = PBXFileReference; fileEncoding = 4; lastKnownFileType = sourcecode.c.h; path = ThreeViewModel.h; sourceTree = "<group>"; };
		635F25E11D98FCDB0022177C /* ThreeViewModel.m */ = {isa = PBXFileReference; fileEncoding = 4; lastKnownFileType = sourcecode.c.objc; path = ThreeViewModel.m; sourceTree = "<group>"; };
		635F25E41D98FCF00022177C /* ThreeModel.h */ = {isa = PBXFileReference; fileEncoding = 4; lastKnownFileType = sourcecode.c.h; path = ThreeModel.h; sourceTree = "<group>"; };
		635F25E51D98FCF00022177C /* ThreeModel.m */ = {isa = PBXFileReference; fileEncoding = 4; lastKnownFileType = sourcecode.c.objc; path = ThreeModel.m; sourceTree = "<group>"; };
		635F25E81D98FF670022177C /* ThreeTableViewCell.h */ = {isa = PBXFileReference; fileEncoding = 4; lastKnownFileType = sourcecode.c.h; path = ThreeTableViewCell.h; sourceTree = "<group>"; };
		635F25E91D98FF670022177C /* ThreeTableViewCell.m */ = {isa = PBXFileReference; fileEncoding = 4; lastKnownFileType = sourcecode.c.objc; path = ThreeTableViewCell.m; sourceTree = "<group>"; };
		635F25EC1D9908580022177C /* 三星.csv */ = {isa = PBXFileReference; fileEncoding = 4; lastKnownFileType = text; path = "三星.csv"; sourceTree = "<group>"; };
		63663F971D8634DF00172D6C /* BottomView.h */ = {isa = PBXFileReference; fileEncoding = 4; lastKnownFileType = sourcecode.c.h; path = BottomView.h; sourceTree = "<group>"; };
		63663F981D8634DF00172D6C /* BottomView.m */ = {isa = PBXFileReference; fileEncoding = 4; lastKnownFileType = sourcecode.c.objc; path = BottomView.m; sourceTree = "<group>"; };
		63663F9B1D86399F00172D6C /* sanjiao.png */ = {isa = PBXFileReference; lastKnownFileType = image.png; path = sanjiao.png; sourceTree = "<group>"; };
		636792311D866C100064B924 /* CoreFoundation.framework */ = {isa = PBXFileReference; lastKnownFileType = wrapper.framework; name = CoreFoundation.framework; path = System/Library/Frameworks/CoreFoundation.framework; sourceTree = SDKROOT; };
		636792361D866C390064B924 /* Foundation.framework */ = {isa = PBXFileReference; lastKnownFileType = wrapper.framework; name = Foundation.framework; path = System/Library/Frameworks/Foundation.framework; sourceTree = SDKROOT; };
		636792381D866C480064B924 /* UIKit.framework */ = {isa = PBXFileReference; lastKnownFileType = wrapper.framework; name = UIKit.framework; path = System/Library/Frameworks/UIKit.framework; sourceTree = SDKROOT; };
		6367923B1D86707C0064B924 /* libz.tbd */ = {isa = PBXFileReference; lastKnownFileType = "sourcecode.text-based-dylib-definition"; name = libz.tbd; path = usr/lib/libz.tbd; sourceTree = SDKROOT; };
		6367923D1D8679EA0064B924 /* AdSupport.framework */ = {isa = PBXFileReference; lastKnownFileType = wrapper.framework; name = AdSupport.framework; path = System/Library/Frameworks/AdSupport.framework; sourceTree = SDKROOT; };
		7A7771031D80514D00E22BAF /* TopView.h */ = {isa = PBXFileReference; fileEncoding = 4; lastKnownFileType = sourcecode.c.h; path = TopView.h; sourceTree = "<group>"; };
		7A7771041D80514D00E22BAF /* TopView.m */ = {isa = PBXFileReference; fileEncoding = 4; lastKnownFileType = sourcecode.c.objc; path = TopView.m; sourceTree = "<group>"; };
		7A7771061D8051CE00E22BAF /* PrefixHeader.pch */ = {isa = PBXFileReference; lastKnownFileType = sourcecode.c.h; name = PrefixHeader.pch; path = ../PrefixHeader.pch; sourceTree = "<group>"; };
		7A7771071D805ABF00E22BAF /* HeadView.h */ = {isa = PBXFileReference; fileEncoding = 4; lastKnownFileType = sourcecode.c.h; path = HeadView.h; sourceTree = "<group>"; };
		7A7771081D805ABF00E22BAF /* HeadView.m */ = {isa = PBXFileReference; fileEncoding = 4; lastKnownFileType = sourcecode.c.objc; path = HeadView.m; sourceTree = "<group>"; };
		7AB94FC91D803C5F00159ADE /* SSC.app */ = {isa = PBXFileReference; explicitFileType = wrapper.application; includeInIndex = 0; path = SSC.app; sourceTree = BUILT_PRODUCTS_DIR; };
		7AB94FCD1D803C5F00159ADE /* main.m */ = {isa = PBXFileReference; lastKnownFileType = sourcecode.c.objc; path = main.m; sourceTree = "<group>"; };
		7AB94FCF1D803C5F00159ADE /* AppDelegate.h */ = {isa = PBXFileReference; lastKnownFileType = sourcecode.c.h; path = AppDelegate.h; sourceTree = "<group>"; };
		7AB94FD01D803C5F00159ADE /* AppDelegate.m */ = {isa = PBXFileReference; lastKnownFileType = sourcecode.c.objc; path = AppDelegate.m; sourceTree = "<group>"; };
		7AB94FD21D803C5F00159ADE /* ViewController.h */ = {isa = PBXFileReference; lastKnownFileType = sourcecode.c.h; path = ViewController.h; sourceTree = "<group>"; };
		7AB94FD31D803C5F00159ADE /* ViewController.m */ = {isa = PBXFileReference; lastKnownFileType = sourcecode.c.objc; path = ViewController.m; sourceTree = "<group>"; };
		7AB94FD81D803C5F00159ADE /* Assets.xcassets */ = {isa = PBXFileReference; lastKnownFileType = folder.assetcatalog; path = Assets.xcassets; sourceTree = "<group>"; };
		7AB94FDB1D803C5F00159ADE /* Base */ = {isa = PBXFileReference; lastKnownFileType = file.storyboard; name = Base; path = Base.lproj/LaunchScreen.storyboard; sourceTree = "<group>"; };
		7AB94FDD1D803C5F00159ADE /* Info.plist */ = {isa = PBXFileReference; lastKnownFileType = text.plist.xml; path = Info.plist; sourceTree = "<group>"; };
/* End PBXFileReference section */

/* Begin PBXFrameworksBuildPhase section */
		7AB94FC61D803C5F00159ADE /* Frameworks */ = {
			isa = PBXFrameworksBuildPhase;
			buildActionMask = 2147483647;
			files = (
			);
			runOnlyForDeploymentPostprocessing = 0;
		};
/* End PBXFrameworksBuildPhase section */

/* Begin PBXGroup section */
		6301B76F1D8111280002B283 /* AFNetworking */ = {
			isa = PBXGroup;
			children = (
				6301B7701D8111280002B283 /* AFHTTPSessionManager.h */,
				6301B7711D8111280002B283 /* AFHTTPSessionManager.m */,
				6301B7721D8111280002B283 /* AFNetworking.h */,
				6301B7731D8111280002B283 /* AFNetworkReachabilityManager.h */,
				6301B7741D8111280002B283 /* AFNetworkReachabilityManager.m */,
				6301B7751D8111280002B283 /* AFSecurityPolicy.h */,
				6301B7761D8111280002B283 /* AFSecurityPolicy.m */,
				6301B7771D8111280002B283 /* AFURLRequestSerialization.h */,
				6301B7781D8111280002B283 /* AFURLRequestSerialization.m */,
				6301B7791D8111280002B283 /* AFURLResponseSerialization.h */,
				6301B77A1D8111280002B283 /* AFURLResponseSerialization.m */,
				6301B77B1D8111280002B283 /* AFURLSessionManager.h */,
				6301B77C1D8111280002B283 /* AFURLSessionManager.m */,
			);
			path = AFNetworking;
			sourceTree = "<group>";
		};
		6301B7831D8111340002B283 /* MJRefresh */ = {
			isa = PBXGroup;
			children = (
				6301B7841D8111340002B283 /* MJRefresh.bundle */,
				6301B7851D8111340002B283 /* MJRefresh.h */,
				6301B7861D8111340002B283 /* MJRefreshBaseView.h */,
				6301B7871D8111340002B283 /* MJRefreshBaseView.m */,
				6301B7881D8111340002B283 /* MJRefreshConst.h */,
				6301B7891D8111340002B283 /* MJRefreshConst.m */,
				6301B78A1D8111340002B283 /* MJRefreshFooterView.h */,
				6301B78B1D8111340002B283 /* MJRefreshFooterView.m */,
				6301B78C1D8111340002B283 /* MJRefreshHeaderView.h */,
				6301B78D1D8111340002B283 /* MJRefreshHeaderView.m */,
				6301B78E1D8111340002B283 /* UIScrollView+MJExtension.h */,
				6301B78F1D8111340002B283 /* UIScrollView+MJExtension.m */,
				6301B7901D8111340002B283 /* UIScrollView+MJRefresh.h */,
				6301B7911D8111340002B283 /* UIScrollView+MJRefresh.m */,
				6301B7921D8111340002B283 /* UIView+MJExtension.h */,
				6301B7931D8111340002B283 /* UIView+MJExtension.m */,
			);
			path = MJRefresh;
			sourceTree = "<group>";
		};
		6345736F1D87A04100C48B3A /* DanmaModel */ = {
			isa = PBXGroup;
			children = (
				634573741D87A07500C48B3A /* DanmaModel.h */,
				634573751D87A07500C48B3A /* DanmaModel.m */,
				6345736B1D879FAA00C48B3A /* DanmaViewModel.h */,
				6345736C1D879FAA00C48B3A /* DanmaViewModel.m */,
				634573701D87A05900C48B3A /* DanmaPublicModel.h */,
				634573711D87A05900C48B3A /* DanmaPublicModel.m */,
			);
			name = DanmaModel;
			sourceTree = "<group>";
		};
		634573781D87A58C00C48B3A /* DanMaView */ = {
			isa = PBXGroup;
			children = (
				6345737D1D87A60B00C48B3A /* DMHeadView.h */,
				6345737E1D87A60B00C48B3A /* DMHeadView.m */,
				634573811D87A65000C48B3A /* DMTableViewCell.h */,
				634573821D87A65000C48B3A /* DMTableViewCell.m */,
			);
			name = DanMaView;
			sourceTree = "<group>";
		};
		635F25D61D98FBA70022177C /* ThreeView */ = {
			isa = PBXGroup;
			children = (
				635F25D81D98FBD20022177C /* ThreeHeadView.h */,
				635F25D91D98FBD20022177C /* ThreeHeadView.m */,
				635F25E81D98FF670022177C /* ThreeTableViewCell.h */,
				635F25E91D98FF670022177C /* ThreeTableViewCell.m */,
			);
			name = ThreeView;
			sourceTree = "<group>";
		};
		635F25D71D98FBB70022177C /* ThreeModel */ = {
			isa = PBXGroup;
			children = (
				635F25DC1D98FCC20022177C /* ThreePublicModel.h */,
				635F25DD1D98FCC20022177C /* ThreePublicModel.m */,
				635F25E41D98FCF00022177C /* ThreeModel.h */,
				635F25E51D98FCF00022177C /* ThreeModel.m */,
				635F25E01D98FCDB0022177C /* ThreeViewModel.h */,
				635F25E11D98FCDB0022177C /* ThreeViewModel.m */,
			);
			name = ThreeModel;
			sourceTree = "<group>";
		};
		636792291D8665230064B924 /* MainModel */ = {
			isa = PBXGroup;
			children = (
				632A69761D86997300FC0F81 /* CSVModel.h */,
				632A69771D86997300FC0F81 /* CSVModel.m */,
				6301B79F1D8121880002B283 /* MainModel.h */,
				6301B7A01D8121880002B283 /* MainModel.m */,
				632A69721D8695F100FC0F81 /* RequestModel.h */,
				632A69731D8695F100FC0F81 /* RequestModel.m */,
				632A696E1D8695E200FC0F81 /* RequestViewModel.h */,
				632A696F1D8695E200FC0F81 /* RequestViewModel.m */,
			);
			name = MainModel;
			sourceTree = "<group>";
		};
		7A7771021D80512300E22BAF /* MainView */ = {
			isa = PBXGroup;
			children = (
				632A697A1D8699C100FC0F81 /* 胆码.csv */,
				632A697C1D8699DC00FC0F81 /* 五星数据.csv */,
				635F25EC1D9908580022177C /* 三星.csv */,
				63663F9B1D86399F00172D6C /* sanjiao.png */,
				7A7771031D80514D00E22BAF /* TopView.h */,
				7A7771041D80514D00E22BAF /* TopView.m */,
				7A7771071D805ABF00E22BAF /* HeadView.h */,
				7A7771081D805ABF00E22BAF /* HeadView.m */,
				63663F971D8634DF00172D6C /* BottomView.h */,
				63663F981D8634DF00172D6C /* BottomView.m */,
				6301B76C1D80FB280002B283 /* TableViewCell.h */,
				6301B76D1D80FB280002B283 /* TableViewCell.m */,
				6301B79C1D811F090002B283 /* HttpTool.h */,
				6301B79D1D811F090002B283 /* HttpTool.m */,
			);
			name = MainView;
			sourceTree = "<group>";
		};
		7AB94FC01D803C5F00159ADE = {
			isa = PBXGroup;
			children = (
				7AB94FCB1D803C5F00159ADE /* SSC */,
				7AB94FCA1D803C5F00159ADE /* Products */,
			);
			sourceTree = "<group>";
		};
		7AB94FCA1D803C5F00159ADE /* Products */ = {
			isa = PBXGroup;
			children = (
				7AB94FC91D803C5F00159ADE /* SSC.app */,
			);
			name = Products;
			sourceTree = "<group>";
		};
		7AB94FCB1D803C5F00159ADE /* SSC */ = {
			isa = PBXGroup;
			children = (
				6301B7831D8111340002B283 /* MJRefresh */,
				6301B76F1D8111280002B283 /* AFNetworking */,
				7AB94FCF1D803C5F00159ADE /* AppDelegate.h */,
				7AB94FD01D803C5F00159ADE /* AppDelegate.m */,
				7A7771061D8051CE00E22BAF /* PrefixHeader.pch */,
				7AB94FD21D803C5F00159ADE /* ViewController.h */,
				7AB94FD31D803C5F00159ADE /* ViewController.m */,
				6345735F1D878F2300C48B3A /* MoveViewController.h */,
				634573601D878F2300C48B3A /* MoveViewController.m */,
				634573671D87949800C48B3A /* StarViewController.h */,
				634573681D87949800C48B3A /* StarViewController.m */,
				634573631D878F3D00C48B3A /* DanMaViewController.h */,
				634573641D878F3D00C48B3A /* DanMaViewController.m */,
				634573781D87A58C00C48B3A /* DanMaView */,
				6345736F1D87A04100C48B3A /* DanmaModel */,
				635F25D21D98F5310022177C /* ThreeStarViewController.h */,
				635F25D31D98F5310022177C /* ThreeStarViewController.m */,
				635F25D61D98FBA70022177C /* ThreeView */,
				635F25D71D98FBB70022177C /* ThreeModel */,
				636792291D8665230064B924 /* MainModel */,
				7A7771021D80512300E22BAF /* MainView */,
				632A697E1D869E1500FC0F81 /* Main.storyboard */,
				7AB94FD81D803C5F00159ADE /* Assets.xcassets */,
				7AB94FDA1D803C5F00159ADE /* LaunchScreen.storyboard */,
				7AB94FDD1D803C5F00159ADE /* Info.plist */,
				7AB94FCC1D803C5F00159ADE /* Supporting Files */,
			);
			path = SSC;
			sourceTree = "<group>";
		};
		7AB94FCC1D803C5F00159ADE /* Supporting Files */ = {
			isa = PBXGroup;
			children = (
				6367923D1D8679EA0064B924 /* AdSupport.framework */,
				6367923B1D86707C0064B924 /* libz.tbd */,
				636792381D866C480064B924 /* UIKit.framework */,
				636792361D866C390064B924 /* Foundation.framework */,
				636792311D866C100064B924 /* CoreFoundation.framework */,
				6357C1B41D825BBD00D9DCC3 /* BmobSDK.framework */,
				6357C1C81D825C4100D9DCC3 /* libsqlite3.tbd */,
				6357C1C61D825C3600D9DCC3 /* libicucore.tbd */,
				6357C1C41D825C2900D9DCC3 /* libz.1.2.5.tbd */,
				6357C1C21D825C2200D9DCC3 /* SystemConfiguration.framework */,
				6357C1C01D825C1900D9DCC3 /* CoreTelephony.framework */,
				6357C1BE1D825C1100D9DCC3 /* CFNetwork.framework */,
				6357C1BC1D825C0600D9DCC3 /* MobileCoreServices.framework */,
				6357C1BA1D825BFA00D9DCC3 /* CoreGraphics.framework */,
				6357C1B81D825BF300D9DCC3 /* Security.framework */,
				6357C1B61D825BEC00D9DCC3 /* CoreLocation.framework */,
				63093E951D815E5E00B57C6A /* libsqlite3.0.tbd */,
				7AB94FCD1D803C5F00159ADE /* main.m */,
			);
			name = "Supporting Files";
			sourceTree = "<group>";
		};
/* End PBXGroup section */

/* Begin PBXHeadersBuildPhase section */
		63093D4D1D81512700B57C6A /* Headers */ = {
			isa = PBXHeadersBuildPhase;
			buildActionMask = 2147483647;
			files = (
				63663F991D8634DF00172D6C /* BottomView.h in Headers */,
				634573651D878F3D00C48B3A /* DanMaViewController.h in Headers */,
				632A69701D8695E200FC0F81 /* RequestViewModel.h in Headers */,
				635F25EA1D98FF670022177C /* ThreeTableViewCell.h in Headers */,
				634573721D87A05900C48B3A /* DanmaPublicModel.h in Headers */,
				635F25DA1D98FBD20022177C /* ThreeHeadView.h in Headers */,
				6345737F1D87A60B00C48B3A /* DMHeadView.h in Headers */,
				634573691D87949800C48B3A /* StarViewController.h in Headers */,
				6345736D1D879FAA00C48B3A /* DanmaViewModel.h in Headers */,
				634573611D878F2300C48B3A /* MoveViewController.h in Headers */,
				635F25DE1D98FCC20022177C /* ThreePublicModel.h in Headers */,
				635F25E61D98FCF00022177C /* ThreeModel.h in Headers */,
				635F25E21D98FCDB0022177C /* ThreeViewModel.h in Headers */,
				634573761D87A07500C48B3A /* DanmaModel.h in Headers */,
				632A69741D8695F100FC0F81 /* RequestModel.h in Headers */,
				632A69781D86997300FC0F81 /* CSVModel.h in Headers */,
				635F25D41D98F5310022177C /* ThreeStarViewController.h in Headers */,
				634573831D87A65000C48B3A /* DMTableViewCell.h in Headers */,
			);
			runOnlyForDeploymentPostprocessing = 0;
		};
/* End PBXHeadersBuildPhase section */

/* Begin PBXNativeTarget section */
		7AB94FC81D803C5F00159ADE /* SSC */ = {
			isa = PBXNativeTarget;
			buildConfigurationList = 7AB94FE01D803C5F00159ADE /* Build configuration list for PBXNativeTarget "SSC" */;
			buildPhases = (
				7AB94FC51D803C5F00159ADE /* Sources */,
				7AB94FC61D803C5F00159ADE /* Frameworks */,
				7AB94FC71D803C5F00159ADE /* Resources */,
				63093D4D1D81512700B57C6A /* Headers */,
			);
			buildRules = (
			);
			dependencies = (
			);
			name = SSC;
			productName = SSC;
			productReference = 7AB94FC91D803C5F00159ADE /* SSC.app */;
			productType = "com.apple.product-type.application";
		};
/* End PBXNativeTarget section */

/* Begin PBXProject section */
		7AB94FC11D803C5F00159ADE /* Project object */ = {
			isa = PBXProject;
			attributes = {
				LastUpgradeCheck = 0800;
				ORGANIZATIONNAME = "Hao Sheng";
				TargetAttributes = {
					7AB94FC81D803C5F00159ADE = {
						CreatedOnToolsVersion = 7.3.1;
						DevelopmentTeam = W3F8ZLM4DL;
					};
				};
			};
			buildConfigurationList = 7AB94FC41D803C5F00159ADE /* Build configuration list for PBXProject "SSC" */;
			compatibilityVersion = "Xcode 3.2";
			developmentRegion = English;
			hasScannedForEncodings = 0;
			knownRegions = (
				en,
				Base,
			);
			mainGroup = 7AB94FC01D803C5F00159ADE;
			productRefGroup = 7AB94FCA1D803C5F00159ADE /* Products */;
			projectDirPath = "";
			projectRoot = "";
			targets = (
				7AB94FC81D803C5F00159ADE /* SSC */,
			);
		};
/* End PBXProject section */

/* Begin PBXResourcesBuildPhase section */
		7AB94FC71D803C5F00159ADE /* Resources */ = {
			isa = PBXResourcesBuildPhase;
			buildActionMask = 2147483647;
			files = (
				635F25ED1D9908580022177C /* 三星.csv in Resources */,
				632A697F1D869E1500FC0F81 /* Main.storyboard in Resources */,
				7AB94FDC1D803C5F00159ADE /* LaunchScreen.storyboard in Resources */,
				7AB94FD91D803C5F00159ADE /* Assets.xcassets in Resources */,
				6301B7941D8111340002B283 /* MJRefresh.bundle in Resources */,
				63663F9C1D86399F00172D6C /* sanjiao.png in Resources */,
				632A697D1D8699DC00FC0F81 /* 五星数据.csv in Resources */,
				632A697B1D8699C100FC0F81 /* 胆码.csv in Resources */,
			);
			runOnlyForDeploymentPostprocessing = 0;
		};
/* End PBXResourcesBuildPhase section */

/* Begin PBXSourcesBuildPhase section */
		7AB94FC51D803C5F00159ADE /* Sources */ = {
			isa = PBXSourcesBuildPhase;
			buildActionMask = 2147483647;
			files = (
				635F25DB1D98FBD20022177C /* ThreeHeadView.m in Sources */,
				635F25DF1D98FCC20022177C /* ThreePublicModel.m in Sources */,
				6301B7991D8111340002B283 /* UIScrollView+MJExtension.m in Sources */,
				6301B7971D8111340002B283 /* MJRefreshFooterView.m in Sources */,
				635F25E71D98FCF00022177C /* ThreeModel.m in Sources */,
				632A69711D8695E200FC0F81 /* RequestViewModel.m in Sources */,
				6301B76E1D80FB280002B283 /* TableViewCell.m in Sources */,
				634573661D878F3D00C48B3A /* DanMaViewController.m in Sources */,
				634573801D87A60B00C48B3A /* DMHeadView.m in Sources */,
				6301B7981D8111340002B283 /* MJRefreshHeaderView.m in Sources */,
				635F25EB1D98FF670022177C /* ThreeTableViewCell.m in Sources */,
				6301B77E1D8111280002B283 /* AFNetworkReachabilityManager.m in Sources */,
				7AB94FD41D803C5F00159ADE /* ViewController.m in Sources */,
				7A7771051D80514D00E22BAF /* TopView.m in Sources */,
				7A7771091D805ABF00E22BAF /* HeadView.m in Sources */,
				7AB94FD11D803C5F00159ADE /* AppDelegate.m in Sources */,
				6301B77F1D8111280002B283 /* AFSecurityPolicy.m in Sources */,
				6345736E1D879FAA00C48B3A /* DanmaViewModel.m in Sources */,
				6301B79A1D8111340002B283 /* UIScrollView+MJRefresh.m in Sources */,
				6301B79B1D8111340002B283 /* UIView+MJExtension.m in Sources */,
				6301B7801D8111280002B283 /* AFURLRequestSerialization.m in Sources */,
				7AB94FCE1D803C5F00159ADE /* main.m in Sources */,
				634573621D878F2300C48B3A /* MoveViewController.m in Sources */,
				634573731D87A05900C48B3A /* DanmaPublicModel.m in Sources */,
				6301B7A11D8121880002B283 /* MainModel.m in Sources */,
				635F25E31D98FCDB0022177C /* ThreeViewModel.m in Sources */,
				6345736A1D87949800C48B3A /* StarViewController.m in Sources */,
				634573771D87A07500C48B3A /* DanmaModel.m in Sources */,
				6301B7951D8111340002B283 /* MJRefreshBaseView.m in Sources */,
				6301B7811D8111280002B283 /* AFURLResponseSerialization.m in Sources */,
				635F25D51D98F5310022177C /* ThreeStarViewController.m in Sources */,
				6301B7821D8111280002B283 /* AFURLSessionManager.m in Sources */,
				6301B77D1D8111280002B283 /* AFHTTPSessionManager.m in Sources */,
				634573841D87A65000C48B3A /* DMTableViewCell.m in Sources */,
				6301B7961D8111340002B283 /* MJRefreshConst.m in Sources */,
				6301B79E1D811F090002B283 /* HttpTool.m in Sources */,
				632A69751D8695F100FC0F81 /* RequestModel.m in Sources */,
				632A69791D86997300FC0F81 /* CSVModel.m in Sources */,
				63663F9A1D8634DF00172D6C /* BottomView.m in Sources */,
			);
			runOnlyForDeploymentPostprocessing = 0;
		};
/* End PBXSourcesBuildPhase section */

/* Begin PBXVariantGroup section */
		7AB94FDA1D803C5F00159ADE /* LaunchScreen.storyboard */ = {
			isa = PBXVariantGroup;
			children = (
				7AB94FDB1D803C5F00159ADE /* Base */,
			);
			name = LaunchScreen.storyboard;
			sourceTree = "<group>";
		};
/* End PBXVariantGroup section */

/* Begin XCBuildConfiguration section */
		7AB94FDE1D803C5F00159ADE /* Debug */ = {
			isa = XCBuildConfiguration;
			buildSettings = {
				ALWAYS_SEARCH_USER_PATHS = NO;
				CLANG_ANALYZER_NONNULL = YES;
				CLANG_CXX_LANGUAGE_STANDARD = "gnu++0x";
				CLANG_CXX_LIBRARY = "libc++";
				CLANG_ENABLE_MODULES = YES;
				CLANG_ENABLE_OBJC_ARC = YES;
				CLANG_WARN_BOOL_CONVERSION = YES;
				CLANG_WARN_CONSTANT_CONVERSION = YES;
				CLANG_WARN_DIRECT_OBJC_ISA_USAGE = YES_ERROR;
				CLANG_WARN_EMPTY_BODY = YES;
				CLANG_WARN_ENUM_CONVERSION = YES;
				CLANG_WARN_INFINITE_RECURSION = YES;
				CLANG_WARN_INT_CONVERSION = YES;
				CLANG_WARN_OBJC_ROOT_CLASS = YES_ERROR;
				CLANG_WARN_SUSPICIOUS_MOVE = YES;
				CLANG_WARN_UNREACHABLE_CODE = YES;
				CLANG_WARN__DUPLICATE_METHOD_MATCH = YES;
				CODE_SIGN_IDENTITY = "iPhone Distribution: Guodong(Beijing) Network Technology Co., Ltd. (W3F8ZLM4DL)";
				"CODE_SIGN_IDENTITY[sdk=iphoneos*]" = "iPhone Distribution: Guodong(Beijing) Network Technology Co., Ltd. (W3F8ZLM4DL)";
				COPY_PHASE_STRIP = NO;
				DEBUG_INFORMATION_FORMAT = dwarf;
				ENABLE_STRICT_OBJC_MSGSEND = YES;
				ENABLE_TESTABILITY = YES;
				GCC_C_LANGUAGE_STANDARD = gnu99;
				GCC_DYNAMIC_NO_PIC = NO;
				GCC_NO_COMMON_BLOCKS = YES;
				GCC_OPTIMIZATION_LEVEL = 0;
				GCC_PREPROCESSOR_DEFINITIONS = (
					"DEBUG=1",
					"$(inherited)",
				);
				GCC_WARN_64_TO_32_BIT_CONVERSION = YES;
				GCC_WARN_ABOUT_RETURN_TYPE = YES_ERROR;
				GCC_WARN_UNDECLARED_SELECTOR = YES;
				GCC_WARN_UNINITIALIZED_AUTOS = YES_AGGRESSIVE;
				GCC_WARN_UNUSED_FUNCTION = YES;
				GCC_WARN_UNUSED_VARIABLE = YES;
				IPHONEOS_DEPLOYMENT_TARGET = 9.3;
				MTL_ENABLE_DEBUG_INFO = YES;
				ONLY_ACTIVE_ARCH = YES;
				PROVISIONING_PROFILE = "9b5eacd7-6ff3-401b-8254-945a7d57fdd2";
				SDKROOT = iphoneos;
				TARGETED_DEVICE_FAMILY = "1,2";
			};
			name = Debug;
		};
		7AB94FDF1D803C5F00159ADE /* Release */ = {
			isa = XCBuildConfiguration;
			buildSettings = {
				ALWAYS_SEARCH_USER_PATHS = NO;
				CLANG_ANALYZER_NONNULL = YES;
				CLANG_CXX_LANGUAGE_STANDARD = "gnu++0x";
				CLANG_CXX_LIBRARY = "libc++";
				CLANG_ENABLE_MODULES = YES;
				CLANG_ENABLE_OBJC_ARC = YES;
				CLANG_WARN_BOOL_CONVERSION = YES;
				CLANG_WARN_CONSTANT_CONVERSION = YES;
				CLANG_WARN_DIRECT_OBJC_ISA_USAGE = YES_ERROR;
				CLANG_WARN_EMPTY_BODY = YES;
				CLANG_WARN_ENUM_CONVERSION = YES;
				CLANG_WARN_INFINITE_RECURSION = YES;
				CLANG_WARN_INT_CONVERSION = YES;
				CLANG_WARN_OBJC_ROOT_CLASS = YES_ERROR;
				CLANG_WARN_SUSPICIOUS_MOVE = YES;
				CLANG_WARN_UNREACHABLE_CODE = YES;
				CLANG_WARN__DUPLICATE_METHOD_MATCH = YES;
				CODE_SIGN_IDENTITY = "iPhone Distribution: Guodong(Beijing) Network Technology Co., Ltd. (W3F8ZLM4DL)";
				"CODE_SIGN_IDENTITY[sdk=iphoneos*]" = "iPhone Distribution: Guodong(Beijing) Network Technology Co., Ltd. (W3F8ZLM4DL)";
				COPY_PHASE_STRIP = NO;
				DEBUG_INFORMATION_FORMAT = "dwarf-with-dsym";
				ENABLE_NS_ASSERTIONS = NO;
				ENABLE_STRICT_OBJC_MSGSEND = YES;
				GCC_C_LANGUAGE_STANDARD = gnu99;
				GCC_NO_COMMON_BLOCKS = YES;
				GCC_WARN_64_TO_32_BIT_CONVERSION = YES;
				GCC_WARN_ABOUT_RETURN_TYPE = YES_ERROR;
				GCC_WARN_UNDECLARED_SELECTOR = YES;
				GCC_WARN_UNINITIALIZED_AUTOS = YES_AGGRESSIVE;
				GCC_WARN_UNUSED_FUNCTION = YES;
				GCC_WARN_UNUSED_VARIABLE = YES;
				IPHONEOS_DEPLOYMENT_TARGET = 9.3;
				MTL_ENABLE_DEBUG_INFO = NO;
				PROVISIONING_PROFILE = "9b5eacd7-6ff3-401b-8254-945a7d57fdd2";
				SDKROOT = iphoneos;
				TARGETED_DEVICE_FAMILY = "1,2";
				VALIDATE_PRODUCT = YES;
			};
			name = Release;
		};
		7AB94FE11D803C5F00159ADE /* Debug */ = {
			isa = XCBuildConfiguration;
			buildSettings = {
				ASSETCATALOG_COMPILER_APPICON_NAME = AppIcon;
				CODE_SIGN_IDENTITY = "iPhone Developer: Bin Zhang (V7GV47DN5L)";
				"CODE_SIGN_IDENTITY[sdk=iphoneos*]" = "iPhone Developer: Bin Zhang (V7GV47DN5L)";
				DEVELOPMENT_TEAM = W3F8ZLM4DL;
				FRAMEWORK_SEARCH_PATHS = (
					"$(inherited)",
					"$(PROJECT_DIR)/SSC",
				);
				GCC_PRECOMPILE_PREFIX_HEADER = YES;
				GCC_PREFIX_HEADER = "$(SRCROOT)/PrefixHeader.pch";
				INFOPLIST_FILE = SSC/Info.plist;
				IPHONEOS_DEPLOYMENT_TARGET = 8.0;
				LD_RUNPATH_SEARCH_PATHS = "$(inherited) @executable_path/Frameworks";
				LIBRARY_SEARCH_PATHS = (
					"$(inherited)",
					"$(PROJECT_DIR)/SSC/Lib",
				);
				PRODUCT_BUNDLE_IDENTIFIER = com.guodong.ssc;
				PRODUCT_NAME = "$(TARGET_NAME)";
				PROVISIONING_PROFILE = "ce964797-6c6c-48ac-a677-1b27c6c258a6";
				PROVISIONING_PROFILE_SPECIFIER = "SSC开发配置";
				TARGETED_DEVICE_FAMILY = 1;
			};
			name = Debug;
		};
		7AB94FE21D803C5F00159ADE /* Release */ = {
			isa = XCBuildConfiguration;
			buildSettings = {
				ASSETCATALOG_COMPILER_APPICON_NAME = AppIcon;
				CODE_SIGN_IDENTITY = "iPhone Developer: Bin Zhang (V7GV47DN5L)";
				"CODE_SIGN_IDENTITY[sdk=iphoneos*]" = "iPhone Developer: Bin Zhang (V7GV47DN5L)";
				DEVELOPMENT_TEAM = W3F8ZLM4DL;
				FRAMEWORK_SEARCH_PATHS = (
					"$(inherited)",
					"$(PROJECT_DIR)/SSC",
				);
				GCC_PRECOMPILE_PREFIX_HEADER = YES;
				GCC_PREFIX_HEADER = "$(SRCROOT)/PrefixHeader.pch";
				INFOPLIST_FILE = SSC/Info.plist;
				IPHONEOS_DEPLOYMENT_TARGET = 8.0;
				LD_RUNPATH_SEARCH_PATHS = "$(inherited) @executable_path/Frameworks";
				LIBRARY_SEARCH_PATHS = (
					"$(inherited)",
					"$(PROJECT_DIR)/SSC/Lib",
				);
				PRODUCT_BUNDLE_IDENTIFIER = com.guodong.ssc;
				PRODUCT_NAME = "$(TARGET_NAME)";
				PROVISIONING_PROFILE = "ce964797-6c6c-48ac-a677-1b27c6c258a6";
				PROVISIONING_PROFILE_SPECIFIER = "SSC开发配置";
				TARGETED_DEVICE_FAMILY = 1;
			};
			name = Release;
		};
/* End XCBuildConfiguration section */

/* Begin XCConfigurationList section */
		7AB94FC41D803C5F00159ADE /* Build configuration list for PBXProject "SSC" */ = {
			isa = XCConfigurationList;
			buildConfigurations = (
				7AB94FDE1D803C5F00159ADE /* Debug */,
				7AB94FDF1D803C5F00159ADE /* Release */,
			);
			defaultConfigurationIsVisible = 0;
			defaultConfigurationName = Release;
		};
		7AB94FE01D803C5F00159ADE /* Build configuration list for PBXNativeTarget "SSC" */ = {
			isa = XCConfigurationList;
			buildConfigurations = (
				7AB94FE11D803C5F00159ADE /* Debug */,
				7AB94FE21D803C5F00159ADE /* Release */,
			);
			defaultConfigurationIsVisible = 0;
			defaultConfigurationName = Release;
		};
/* End XCConfigurationList section */
	};
	rootObject = 7AB94FC11D803C5F00159ADE /* Project object */;
}
